// !$*UTF8*$!
{
	archiveVersion = 1;
	classes = {
	};
	objectVersion = 56;
	objects = {

/* Begin PBXBuildFile section */
		576108712BD554B9004B6974 /* AppDelegate.swift in Sources */ = {isa = PBXBuildFile; fileRef = 576108702BD554B9004B6974 /* AppDelegate.swift */; };
		576108732BD554B9004B6974 /* SceneDelegate.swift in Sources */ = {isa = PBXBuildFile; fileRef = 576108722BD554B9004B6974 /* SceneDelegate.swift */; };
		5761087A2BD554BD004B6974 /* Assets.xcassets in Resources */ = {isa = PBXBuildFile; fileRef = 576108792BD554BD004B6974 /* Assets.xcassets */; };
		5761087D2BD554BD004B6974 /* Base in Resources */ = {isa = PBXBuildFile; fileRef = 5761087C2BD554BD004B6974 /* Base */; };
		576108852BD55959004B6974 /* UserVC.swift in Sources */ = {isa = PBXBuildFile; fileRef = 576108842BD55959004B6974 /* UserVC.swift */; };
		576108872BD571C5004B6974 /* ContactsVC.swift in Sources */ = {isa = PBXBuildFile; fileRef = 576108862BD571C5004B6974 /* ContactsVC.swift */; };
		576108892BD6D275004B6974 /* NumbersVC.swift in Sources */ = {isa = PBXBuildFile; fileRef = 576108882BD6D275004B6974 /* NumbersVC.swift */; };
		5761088B2BD6DA25004B6974 /* CitiesViewController.swift in Sources */ = {isa = PBXBuildFile; fileRef = 5761088A2BD6DA25004B6974 /* CitiesViewController.swift */; };
		5761088D2BD6DA77004B6974 /* CitiesTableViewCell.swift in Sources */ = {isa = PBXBuildFile; fileRef = 5761088C2BD6DA77004B6974 /* CitiesTableViewCell.swift */; };
		5761088F2BD80CD8004B6974 /* CountryViewController.swift in Sources */ = {isa = PBXBuildFile; fileRef = 5761088E2BD80CD8004B6974 /* CountryViewController.swift */; };
		576108942BD81BD1004B6974 /* Main.storyboard in Resources */ = {isa = PBXBuildFile; fileRef = 576108922BD81BD1004B6974 /* Main.storyboard */; };
/* End PBXBuildFile section */

/* Begin PBXFileReference section */
		5761086D2BD554B9004B6974 /* UITableViewSectionsHD&FT.app */ = {isa = PBXFileReference; explicitFileType = wrapper.application; includeInIndex = 0; path = "UITableViewSectionsHD&FT.app"; sourceTree = BUILT_PRODUCTS_DIR; };
		576108702BD554B9004B6974 /* AppDelegate.swift */ = {isa = PBXFileReference; lastKnownFileType = sourcecode.swift; path = AppDelegate.swift; sourceTree = "<group>"; };
		576108722BD554B9004B6974 /* SceneDelegate.swift */ = {isa = PBXFileReference; lastKnownFileType = sourcecode.swift; path = SceneDelegate.swift; sourceTree = "<group>"; };
		576108792BD554BD004B6974 /* Assets.xcassets */ = {isa = PBXFileReference; lastKnownFileType = folder.assetcatalog; path = Assets.xcassets; sourceTree = "<group>"; };
		5761087C2BD554BD004B6974 /* Base */ = {isa = PBXFileReference; lastKnownFileType = file.storyboard; name = Base; path = Base.lproj/LaunchScreen.storyboard; sourceTree = "<group>"; };
		5761087E2BD554BD004B6974 /* Info.plist */ = {isa = PBXFileReference; lastKnownFileType = text.plist.xml; path = Info.plist; sourceTree = "<group>"; };
		576108842BD55959004B6974 /* UserVC.swift */ = {isa = PBXFileReference; lastKnownFileType = sourcecode.swift; path = UserVC.swift; sourceTree = "<group>"; };
		576108862BD571C5004B6974 /* ContactsVC.swift */ = {isa = PBXFileReference; lastKnownFileType = sourcecode.swift; path = ContactsVC.swift; sourceTree = "<group>"; };
		576108882BD6D275004B6974 /* NumbersVC.swift */ = {isa = PBXFileReference; lastKnownFileType = sourcecode.swift; path = NumbersVC.swift; sourceTree = "<group>"; };
		5761088A2BD6DA25004B6974 /* CitiesViewController.swift */ = {isa = PBXFileReference; lastKnownFileType = sourcecode.swift; path = CitiesViewController.swift; sourceTree = "<group>"; };
		5761088C2BD6DA77004B6974 /* CitiesTableViewCell.swift */ = {isa = PBXFileReference; lastKnownFileType = sourcecode.swift; path = CitiesTableViewCell.swift; sourceTree = "<group>"; };
		5761088E2BD80CD8004B6974 /* CountryViewController.swift */ = {isa = PBXFileReference; lastKnownFileType = sourcecode.swift; path = CountryViewController.swift; sourceTree = "<group>"; };
		576108932BD81BD1004B6974 /* Base */ = {isa = PBXFileReference; lastKnownFileType = file.storyboard; name = Base; path = Base.lproj/Main.storyboard; sourceTree = "<group>"; };
/* End PBXFileReference section */

/* Begin PBXFrameworksBuildPhase section */
		5761086A2BD554B9004B6974 /* Frameworks */ = {
			isa = PBXFrameworksBuildPhase;
			buildActionMask = 2147483647;
			files = (
			);
			runOnlyForDeploymentPostprocessing = 0;
		};
/* End PBXFrameworksBuildPhase section */

/* Begin PBXGroup section */
		576108642BD554B9004B6974 = {
			isa = PBXGroup;
			children = (
				5761086F2BD554B9004B6974 /* UITableViewSectionsHD&FT */,
				5761086E2BD554B9004B6974 /* Products */,
			);
			sourceTree = "<group>";
		};
		5761086E2BD554B9004B6974 /* Products */ = {
			isa = PBXGroup;
			children = (
				5761086D2BD554B9004B6974 /* UITableViewSectionsHD&FT.app */,
			);
			name = Products;
			sourceTree = "<group>";
		};
		5761086F2BD554B9004B6974 /* UITableViewSectionsHD&FT */ = {
			isa = PBXGroup;
			children = (
				576108702BD554B9004B6974 /* AppDelegate.swift */,
				576108722BD554B9004B6974 /* SceneDelegate.swift */,
				576108842BD55959004B6974 /* UserVC.swift */,
				576108922BD81BD1004B6974 /* Main.storyboard */,
				576108862BD571C5004B6974 /* ContactsVC.swift */,
				576108882BD6D275004B6974 /* NumbersVC.swift */,
				5761088A2BD6DA25004B6974 /* CitiesViewController.swift */,
				5761088C2BD6DA77004B6974 /* CitiesTableViewCell.swift */,
				5761088E2BD80CD8004B6974 /* CountryViewController.swift */,
				576108792BD554BD004B6974 /* Assets.xcassets */,
				5761087B2BD554BD004B6974 /* LaunchScreen.storyboard */,
				5761087E2BD554BD004B6974 /* Info.plist */,
			);
			path = "UITableViewSectionsHD&FT";
			sourceTree = "<group>";
		};
/* End PBXGroup section */

/* Begin PBXNativeTarget section */
		5761086C2BD554B9004B6974 /* UITableViewSectionsHD&FT */ = {
			isa = PBXNativeTarget;
			buildConfigurationList = 576108812BD554BD004B6974 /* Build configuration list for PBXNativeTarget "UITableViewSectionsHD&FT" */;
			buildPhases = (
				576108692BD554B9004B6974 /* Sources */,
				5761086A2BD554B9004B6974 /* Frameworks */,
				5761086B2BD554B9004B6974 /* Resources */,
			);
			buildRules = (
			);
			dependencies = (
			);
			name = "UITableViewSectionsHD&FT";
			productName = "UITableViewSectionsHD&FT";
			productReference = 5761086D2BD554B9004B6974 /* UITableViewSectionsHD&FT.app */;
			productType = "com.apple.product-type.application";
		};
/* End PBXNativeTarget section */

/* Begin PBXProject section */
		576108652BD554B9004B6974 /* Project object */ = {
			isa = PBXProject;
			attributes = {
				BuildIndependentTargetsInParallel = 1;
				LastSwiftUpdateCheck = 1530;
				LastUpgradeCheck = 1530;
				TargetAttributes = {
					5761086C2BD554B9004B6974 = {
						CreatedOnToolsVersion = 15.3;
					};
				};
			};
			buildConfigurationList = 576108682BD554B9004B6974 /* Build configuration list for PBXProject "UITableViewSectionsHD&FT" */;
			compatibilityVersion = "Xcode 14.0";
			developmentRegion = en;
			hasScannedForEncodings = 0;
			knownRegions = (
				en,
				Base,
			);
			mainGroup = 576108642BD554B9004B6974;
			productRefGroup = 5761086E2BD554B9004B6974 /* Products */;
			projectDirPath = "";
			projectRoot = "";
			targets = (
				5761086C2BD554B9004B6974 /* UITableViewSectionsHD&FT */,
			);
		};
/* End PBXProject section */

/* Begin PBXResourcesBuildPhase section */
		5761086B2BD554B9004B6974 /* Resources */ = {
			isa = PBXResourcesBuildPhase;
			buildActionMask = 2147483647;
			files = (
				576108942BD81BD1004B6974 /* Main.storyboard in Resources */,
				5761087A2BD554BD004B6974 /* Assets.xcassets in Resources */,
				5761087D2BD554BD004B6974 /* Base in Resources */,
			);
			runOnlyForDeploymentPostprocessing = 0;
		};
/* End PBXResourcesBuildPhase section */

/* Begin PBXSourcesBuildPhase section */
		576108692BD554B9004B6974 /* Sources */ = {
			isa = PBXSourcesBuildPhase;
			buildActionMask = 2147483647;
			files = (
				576108712BD554B9004B6974 /* AppDelegate.swift in Sources */,
				5761088F2BD80CD8004B6974 /* CountryViewController.swift in Sources */,
				576108732BD554B9004B6974 /* SceneDelegate.swift in Sources */,
				5761088D2BD6DA77004B6974 /* CitiesTableViewCell.swift in Sources */,
				576108852BD55959004B6974 /* UserVC.swift in Sources */,
				5761088B2BD6DA25004B6974 /* CitiesViewController.swift in Sources */,
				576108872BD571C5004B6974 /* ContactsVC.swift in Sources */,
				576108892BD6D275004B6974 /* NumbersVC.swift in Sources */,
			);
			runOnlyForDeploymentPostprocessing = 0;
		};
/* End PBXSourcesBuildPhase section */

/* Begin PBXVariantGroup section */
		5761087B2BD554BD004B6974 /* LaunchScreen.storyboard */ = {
			isa = PBXVariantGroup;
			children = (
				5761087C2BD554BD004B6974 /* Base */,
			);
			name = LaunchScreen.storyboard;
			sourceTree = "<group>";
		};
		576108922BD81BD1004B6974 /* Main.storyboard */ = {
			isa = PBXVariantGroup;
			children = (
				576108932BD81BD1004B6974 /* Base */,
			);
			name = Main.storyboard;
			sourceTree = "<group>";
		};
/* End PBXVariantGroup section */

/* Begin XCBuildConfiguration section */
		5761087F2BD554BD004B6974 /* Debug */ = {
			isa = XCBuildConfiguration;
			buildSettings = {
				ALWAYS_SEARCH_USER_PATHS = NO;
				ASSETCATALOG_COMPILER_GENERATE_SWIFT_ASSET_SYMBOL_EXTENSIONS = YES;
				CLANG_ANALYZER_NONNULL = YES;
				CLANG_ANALYZER_NUMBER_OBJECT_CONVERSION = YES_AGGRESSIVE;
				CLANG_CXX_LANGUAGE_STANDARD = "gnu++20";
				CLANG_ENABLE_MODULES = YES;
				CLANG_ENABLE_OBJC_ARC = YES;
				CLANG_ENABLE_OBJC_WEAK = YES;
				CLANG_WARN_BLOCK_CAPTURE_AUTORELEASING = YES;
				CLANG_WARN_BOOL_CONVERSION = YES;
				CLANG_WARN_COMMA = YES;
				CLANG_WARN_CONSTANT_CONVERSION = YES;
				CLANG_WARN_DEPRECATED_OBJC_IMPLEMENTATIONS = YES;
				CLANG_WARN_DIRECT_OBJC_ISA_USAGE = YES_ERROR;
				CLANG_WARN_DOCUMENTATION_COMMENTS = YES;
				CLANG_WARN_EMPTY_BODY = YES;
				CLANG_WARN_ENUM_CONVERSION = YES;
				CLANG_WARN_INFINITE_RECURSION = YES;
				CLANG_WARN_INT_CONVERSION = YES;
				CLANG_WARN_NON_LITERAL_NULL_CONVERSION = YES;
				CLANG_WARN_OBJC_IMPLICIT_RETAIN_SELF = YES;
				CLANG_WARN_OBJC_LITERAL_CONVERSION = YES;
				CLANG_WARN_OBJC_ROOT_CLASS = YES_ERROR;
				CLANG_WARN_QUOTED_INCLUDE_IN_FRAMEWORK_HEADER = YES;
				CLANG_WARN_RANGE_LOOP_ANALYSIS = YES;
				CLANG_WARN_STRICT_PROTOTYPES = YES;
				CLANG_WARN_SUSPICIOUS_MOVE = YES;
				CLANG_WARN_UNGUARDED_AVAILABILITY = YES_AGGRESSIVE;
				CLANG_WARN_UNREACHABLE_CODE = YES;
				CLANG_WARN__DUPLICATE_METHOD_MATCH = YES;
				COPY_PHASE_STRIP = NO;
				DEBUG_INFORMATION_FORMAT = dwarf;
				ENABLE_STRICT_OBJC_MSGSEND = YES;
				ENABLE_TESTABILITY = YES;
				ENABLE_USER_SCRIPT_SANDBOXING = YES;
				GCC_C_LANGUAGE_STANDARD = gnu17;
				GCC_DYNAMIC_NO_PIC = NO;
				GCC_NO_COMMON_BLOCKS = YES;
				GCC_OPTIMIZATION_LEVEL = 0;
				GCC_PREPROCESSOR_DEFINITIONS = (
					"DEBUG=1",
					"$(inherited)",
				);
				GCC_WARN_64_TO_32_BIT_CONVERSION = YES;
				GCC_WARN_ABOUT_RETURN_TYPE = YES_ERROR;
				GCC_WARN_UNDECLARED_SELECTOR = YES;
				GCC_WARN_UNINITIALIZED_AUTOS = YES_AGGRESSIVE;
				GCC_WARN_UNUSED_FUNCTION = YES;
				GCC_WARN_UNUSED_VARIABLE = YES;
				IPHONEOS_DEPLOYMENT_TARGET = 17.4;
				LOCALIZATION_PREFERS_STRING_CATALOGS = YES;
				MTL_ENABLE_DEBUG_INFO = INCLUDE_SOURCE;
				MTL_FAST_MATH = YES;
				ONLY_ACTIVE_ARCH = YES;
				SDKROOT = iphoneos;
				SWIFT_ACTIVE_COMPILATION_CONDITIONS = "DEBUG $(inherited)";
				SWIFT_OPTIMIZATION_LEVEL = "-Onone";
			};
			name = Debug;
		};
		576108802BD554BD004B6974 /* Release */ = {
			isa = XCBuildConfiguration;
			buildSettings = {
				ALWAYS_SEARCH_USER_PATHS = NO;
				ASSETCATALOG_COMPILER_GENERATE_SWIFT_ASSET_SYMBOL_EXTENSIONS = YES;
				CLANG_ANALYZER_NONNULL = YES;
				CLANG_ANALYZER_NUMBER_OBJECT_CONVERSION = YES_AGGRESSIVE;
				CLANG_CXX_LANGUAGE_STANDARD = "gnu++20";
				CLANG_ENABLE_MODULES = YES;
				CLANG_ENABLE_OBJC_ARC = YES;
				CLANG_ENABLE_OBJC_WEAK = YES;
				CLANG_WARN_BLOCK_CAPTURE_AUTORELEASING = YES;
				CLANG_WARN_BOOL_CONVERSION = YES;
				CLANG_WARN_COMMA = YES;
				CLANG_WARN_CONSTANT_CONVERSION = YES;
				CLANG_WARN_DEPRECATED_OBJC_IMPLEMENTATIONS = YES;
				CLANG_WARN_DIRECT_OBJC_ISA_USAGE = YES_ERROR;
				CLANG_WARN_DOCUMENTATION_COMMENTS = YES;
				CLANG_WARN_EMPTY_BODY = YES;
				CLANG_WARN_ENUM_CONVERSION = YES;
				CLANG_WARN_INFINITE_RECURSION = YES;
				CLANG_WARN_INT_CONVERSION = YES;
				CLANG_WARN_NON_LITERAL_NULL_CONVERSION = YES;
				CLANG_WARN_OBJC_IMPLICIT_RETAIN_SELF = YES;
				CLANG_WARN_OBJC_LITERAL_CONVERSION = YES;
				CLANG_WARN_OBJC_ROOT_CLASS = YES_ERROR;
				CLANG_WARN_QUOTED_INCLUDE_IN_FRAMEWORK_HEADER = YES;
				CLANG_WARN_RANGE_LOOP_ANALYSIS = YES;
				CLANG_WARN_STRICT_PROTOTYPES = YES;
				CLANG_WARN_SUSPICIOUS_MOVE = YES;
				CLANG_WARN_UNGUARDED_AVAILABILITY = YES_AGGRESSIVE;
				CLANG_WARN_UNREACHABLE_CODE = YES;
				CLANG_WARN__DUPLICATE_METHOD_MATCH = YES;
				COPY_PHASE_STRIP = NO;
				DEBUG_INFORMATION_FORMAT = "dwarf-with-dsym";
				ENABLE_NS_ASSERTIONS = NO;
				ENABLE_STRICT_OBJC_MSGSEND = YES;
				ENABLE_USER_SCRIPT_SANDBOXING = YES;
				GCC_C_LANGUAGE_STANDARD = gnu17;
				GCC_NO_COMMON_BLOCKS = YES;
				GCC_WARN_64_TO_32_BIT_CONVERSION = YES;
				GCC_WARN_ABOUT_RETURN_TYPE = YES_ERROR;
				GCC_WARN_UNDECLARED_SELECTOR = YES;
				GCC_WARN_UNINITIALIZED_AUTOS = YES_AGGRESSIVE;
				GCC_WARN_UNUSED_FUNCTION = YES;
				GCC_WARN_UNUSED_VARIABLE = YES;
				IPHONEOS_DEPLOYMENT_TARGET = 17.4;
				LOCALIZATION_PREFERS_STRING_CATALOGS = YES;
				MTL_ENABLE_DEBUG_INFO = NO;
				MTL_FAST_MATH = YES;
				SDKROOT = iphoneos;
				SWIFT_COMPILATION_MODE = wholemodule;
				VALIDATE_PRODUCT = YES;
			};
			name = Release;
		};
		576108822BD554BD004B6974 /* Debug */ = {
			isa = XCBuildConfiguration;
			buildSettings = {
				ASSETCATALOG_COMPILER_APPICON_NAME = AppIcon;
				ASSETCATALOG_COMPILER_GLOBAL_ACCENT_COLOR_NAME = AccentColor;
				CODE_SIGN_STYLE = Automatic;
				CURRENT_PROJECT_VERSION = 1;
				DEVELOPMENT_TEAM = 5FZ8ZXZS35;
				GENERATE_INFOPLIST_FILE = YES;
				INFOPLIST_FILE = "UITableViewSectionsHD&FT/Info.plist";
				INFOPLIST_KEY_UIApplicationSupportsIndirectInputEvents = YES;
				INFOPLIST_KEY_UILaunchStoryboardName = LaunchScreen;
				INFOPLIST_KEY_UIMainStoryboardFile = Main;
				INFOPLIST_KEY_UISupportedInterfaceOrientations = UIInterfaceOrientationPortrait;
				LD_RUNPATH_SEARCH_PATHS = (
					"$(inherited)",
					"@executable_path/Frameworks",
				);
				MARKETING_VERSION = 1.0;
				PRODUCT_BUNDLE_IDENTIFIER = "TLiLiOS.HAMDI.UITableViewSectionsHD-FT";
				PRODUCT_NAME = "$(TARGET_NAME)";
				SWIFT_EMIT_LOC_STRINGS = YES;
				SWIFT_VERSION = 5.0;
				TARGETED_DEVICE_FAMILY = "1,2";
			};
			name = Debug;
		};
		576108832BD554BD004B6974 /* Release */ = {
			isa = XCBuildConfiguration;
			buildSettings = {
				ASSETCATALOG_COMPILER_APPICON_NAME = AppIcon;
				ASSETCATALOG_COMPILER_GLOBAL_ACCENT_COLOR_NAME = AccentColor;
				CODE_SIGN_STYLE = Automatic;
				CURRENT_PROJECT_VERSION = 1;
				DEVELOPMENT_TEAM = 5FZ8ZXZS35;
				GENERATE_INFOPLIST_FILE = YES;
				INFOPLIST_FILE = "UITableViewSectionsHD&FT/Info.plist";
				INFOPLIST_KEY_UIApplicationSupportsIndirectInputEvents = YES;
				INFOPLIST_KEY_UILaunchStoryboardName = LaunchScreen;
				INFOPLIST_KEY_UIMainStoryboardFile = Main;
				INFOPLIST_KEY_UISupportedInterfaceOrientations = UIInterfaceOrientationPortrait;
				LD_RUNPATH_SEARCH_PATHS = (
					"$(inherited)",
					"@executable_path/Frameworks",
				);
				MARKETING_VERSION = 1.0;
				PRODUCT_BUNDLE_IDENTIFIER = "TLiLiOS.HAMDI.UITableViewSectionsHD-FT";
				PRODUCT_NAME = "$(TARGET_NAME)";
				SWIFT_EMIT_LOC_STRINGS = YES;
				SWIFT_VERSION = 5.0;
				TARGETED_DEVICE_FAMILY = "1,2";
			};
			name = Release;
		};
/* End XCBuildConfiguration section */

/* Begin XCConfigurationList section */
		576108682BD554B9004B6974 /* Build configuration list for PBXProject "UITableViewSectionsHD&FT" */ = {
			isa = XCConfigurationList;
			buildConfigurations = (
				5761087F2BD554BD004B6974 /* Debug */,
				576108802BD554BD004B6974 /* Release */,
			);
			defaultConfigurationIsVisible = 0;
			defaultConfigurationName = Release;
		};
		576108812BD554BD004B6974 /* Build configuration list for PBXNativeTarget "UITableViewSectionsHD&FT" */ = {
			isa = XCConfigurationList;
			buildConfigurations = (
				576108822BD554BD004B6974 /* Debug */,
				576108832BD554BD004B6974 /* Release */,
			);
			defaultConfigurationIsVisible = 0;
			defaultConfigurationName = Release;
		};
/* End XCConfigurationList section */
	};
	rootObject = 576108652BD554B9004B6974 /* Project object */;
}
